// !$*UTF8*$!
{
	archiveVersion = 1;
	classes = {
	};
	objectVersion = 51;
	objects = {

/* Begin PBXBuildFile section */
		1454479C2BF48AE451ED8E83 /* Pods_commonmodule.framework in Frameworks */ = {isa = PBXBuildFile; fileRef = 460A2A12B836BCD924BDA6A5 /* Pods_commonmodule.framework */; };
		2F3D885228E6ECC40006D367 /* PlatformUtilIOS.swift in Sources */ = {isa = PBXBuildFile; fileRef = 2F3D885128E6ECC40006D367 /* PlatformUtilIOS.swift */; };
		2FB60E8629817AB0002F6B6A /* PerformanceWrapperIOS.swift in Sources */ = {isa = PBXBuildFile; fileRef = 2FB60E8429817AB0002F6B6A /* PerformanceWrapperIOS.swift */; };
		2FB60E8729817AB0002F6B6A /* PerformanceMetricIOS.swift in Sources */ = {isa = PBXBuildFile; fileRef = 2FB60E8529817AB0002F6B6A /* PerformanceMetricIOS.swift */; };
		491DDC1A247D57E300748032 /* AppDelegate.swift in Sources */ = {isa = PBXBuildFile; fileRef = 491DDC19247D57E300748032 /* AppDelegate.swift */; };
		491DDC1C247D57E300748032 /* SceneDelegate.swift in Sources */ = {isa = PBXBuildFile; fileRef = 491DDC1B247D57E300748032 /* SceneDelegate.swift */; };
		491DDC1E247D57E300748032 /* ViewController.swift in Sources */ = {isa = PBXBuildFile; fileRef = 491DDC1D247D57E300748032 /* ViewController.swift */; };
		491DDC21247D57E300748032 /* Main.storyboard in Resources */ = {isa = PBXBuildFile; fileRef = 491DDC1F247D57E300748032 /* Main.storyboard */; };
		491DDC23247D57E600748032 /* Assets.xcassets in Resources */ = {isa = PBXBuildFile; fileRef = 491DDC22247D57E600748032 /* Assets.xcassets */; };
		491DDC26247D57E600748032 /* LaunchScreen.storyboard in Resources */ = {isa = PBXBuildFile; fileRef = 491DDC24247D57E600748032 /* LaunchScreen.storyboard */; };
		5ECD129927908C25008FBD49 /* config_keys.plist in Resources */ = {isa = PBXBuildFile; fileRef = 5ECD129827908C25008FBD49 /* config_keys.plist */; };
		76CC459327A04CF900EA163B /* AnalyticsWrapperIOS.swift in Sources */ = {isa = PBXBuildFile; fileRef = 76CC459227A04CF900EA163B /* AnalyticsWrapperIOS.swift */; };
		76CC459527A04D0600EA163B /* CrashlyticsWrapperIOS.swift in Sources */ = {isa = PBXBuildFile; fileRef = 76CC459427A04D0600EA163B /* CrashlyticsWrapperIOS.swift */; };
		7B2BBF2525F62BBD00933316 /* GoogleService-Info.plist in Resources */ = {isa = PBXBuildFile; fileRef = 7B2BBF2425F62BBD00933316 /* GoogleService-Info.plist */; };
/* End PBXBuildFile section */

/* Begin PBXFileReference section */
		2F3D885128E6ECC40006D367 /* PlatformUtilIOS.swift */ = {isa = PBXFileReference; lastKnownFileType = sourcecode.swift; path = PlatformUtilIOS.swift; sourceTree = "<group>"; };
		2FB60E8429817AB0002F6B6A /* PerformanceWrapperIOS.swift */ = {isa = PBXFileReference; fileEncoding = 4; lastKnownFileType = sourcecode.swift; path = PerformanceWrapperIOS.swift; sourceTree = "<group>"; };
		2FB60E8529817AB0002F6B6A /* PerformanceMetricIOS.swift */ = {isa = PBXFileReference; fileEncoding = 4; lastKnownFileType = sourcecode.swift; path = PerformanceMetricIOS.swift; sourceTree = "<group>"; };
		37D260983DB06EE7F33D49A7 /* Pods-commonmodule.debug.xcconfig */ = {isa = PBXFileReference; includeInIndex = 1; lastKnownFileType = text.xcconfig; name = "Pods-commonmodule.debug.xcconfig"; path = "Target Support Files/Pods-commonmodule/Pods-commonmodule.debug.xcconfig"; sourceTree = "<group>"; };
		460A2A12B836BCD924BDA6A5 /* Pods_commonmodule.framework */ = {isa = PBXFileReference; explicitFileType = wrapper.framework; includeInIndex = 0; path = Pods_commonmodule.framework; sourceTree = BUILT_PRODUCTS_DIR; };
		491DDC16247D57E300748032 /* commonmodule.app */ = {isa = PBXFileReference; explicitFileType = wrapper.application; includeInIndex = 0; path = commonmodule.app; sourceTree = BUILT_PRODUCTS_DIR; };
		491DDC19247D57E300748032 /* AppDelegate.swift */ = {isa = PBXFileReference; lastKnownFileType = sourcecode.swift; path = AppDelegate.swift; sourceTree = "<group>"; };
		491DDC1B247D57E300748032 /* SceneDelegate.swift */ = {isa = PBXFileReference; lastKnownFileType = sourcecode.swift; path = SceneDelegate.swift; sourceTree = "<group>"; };
		491DDC1D247D57E300748032 /* ViewController.swift */ = {isa = PBXFileReference; lastKnownFileType = sourcecode.swift; path = ViewController.swift; sourceTree = "<group>"; };
		491DDC20247D57E300748032 /* Base */ = {isa = PBXFileReference; lastKnownFileType = file.storyboard; name = Base; path = Base.lproj/Main.storyboard; sourceTree = "<group>"; };
		491DDC22247D57E600748032 /* Assets.xcassets */ = {isa = PBXFileReference; lastKnownFileType = folder.assetcatalog; path = Assets.xcassets; sourceTree = "<group>"; };
		491DDC25247D57E600748032 /* Base */ = {isa = PBXFileReference; lastKnownFileType = file.storyboard; name = Base; path = Base.lproj/LaunchScreen.storyboard; sourceTree = "<group>"; };
		491DDC27247D57E600748032 /* Info.plist */ = {isa = PBXFileReference; lastKnownFileType = text.plist.xml; path = Info.plist; sourceTree = "<group>"; };
		5ECD129827908C25008FBD49 /* config_keys.plist */ = {isa = PBXFileReference; lastKnownFileType = text.plist.xml; path = config_keys.plist; sourceTree = "<group>"; };
		76CC459227A04CF900EA163B /* AnalyticsWrapperIOS.swift */ = {isa = PBXFileReference; lastKnownFileType = sourcecode.swift; path = AnalyticsWrapperIOS.swift; sourceTree = "<group>"; };
		76CC459427A04D0600EA163B /* CrashlyticsWrapperIOS.swift */ = {isa = PBXFileReference; lastKnownFileType = sourcecode.swift; path = CrashlyticsWrapperIOS.swift; sourceTree = "<group>"; };
		7B2BBF2425F62BBD00933316 /* GoogleService-Info.plist */ = {isa = PBXFileReference; fileEncoding = 4; lastKnownFileType = text.plist.xml; path = "GoogleService-Info.plist"; sourceTree = SOURCE_ROOT; };
		97DE99D47D00F8C6E7790FB9 /* Pods-commonmodule.release.xcconfig */ = {isa = PBXFileReference; includeInIndex = 1; lastKnownFileType = text.xcconfig; name = "Pods-commonmodule.release.xcconfig"; path = "Target Support Files/Pods-commonmodule/Pods-commonmodule.release.xcconfig"; sourceTree = "<group>"; };
/* End PBXFileReference section */

/* Begin PBXFrameworksBuildPhase section */
		491DDC13247D57E300748032 /* Frameworks */ = {
			isa = PBXFrameworksBuildPhase;
			buildActionMask = 2147483647;
			files = (
				1454479C2BF48AE451ED8E83 /* Pods_commonmodule.framework in Frameworks */,
			);
			runOnlyForDeploymentPostprocessing = 0;
		};
/* End PBXFrameworksBuildPhase section */

/* Begin PBXGroup section */
		2F33843128EAE75800B9B19B /* platform */ = {
			isa = PBXGroup;
			children = (
				2F3D885128E6ECC40006D367 /* PlatformUtilIOS.swift */,
			);
			name = platform;
			path = commonmodule/platform;
			sourceTree = SOURCE_ROOT;
		};
		2FB60E8329817AB0002F6B6A /* performance */ = {
			isa = PBXGroup;
			children = (
				2FB60E8429817AB0002F6B6A /* PerformanceWrapperIOS.swift */,
				2FB60E8529817AB0002F6B6A /* PerformanceMetricIOS.swift */,
			);
			path = performance;
			sourceTree = "<group>";
		};
		31EBC960147F99AB67AE6A3F /* Frameworks */ = {
			isa = PBXGroup;
			children = (
				460A2A12B836BCD924BDA6A5 /* Pods_commonmodule.framework */,
			);
			name = Frameworks;
			sourceTree = "<group>";
		};
		491DDC0D247D57E300748032 = {
			isa = PBXGroup;
			children = (
				5ECD129A27908E28008FBD49 /* res */,
				7B2BBF2425F62BBD00933316 /* GoogleService-Info.plist */,
				491DDC18247D57E300748032 /* commonmodule */,
				491DDC17247D57E300748032 /* Products */,
				667D209CE1C07D3ED124ADA6 /* Pods */,
				31EBC960147F99AB67AE6A3F /* Frameworks */,
			);
			sourceTree = "<group>";
		};
		491DDC17247D57E300748032 /* Products */ = {
			isa = PBXGroup;
			children = (
				491DDC16247D57E300748032 /* commonmodule.app */,
			);
			name = Products;
			sourceTree = "<group>";
		};
		491DDC18247D57E300748032 /* commonmodule */ = {
			isa = PBXGroup;
			children = (
				2FB60E8329817AB0002F6B6A /* performance */,
				2F33843128EAE75800B9B19B /* platform */,
				76CC459027A04CD300EA163B /* analytics */,
				76CC459127A04CDA00EA163B /* crashlytics */,
				491DDC19247D57E300748032 /* AppDelegate.swift */,
				491DDC1B247D57E300748032 /* SceneDelegate.swift */,
				491DDC1D247D57E300748032 /* ViewController.swift */,
				491DDC1F247D57E300748032 /* Main.storyboard */,
				491DDC22247D57E600748032 /* Assets.xcassets */,
				491DDC24247D57E600748032 /* LaunchScreen.storyboard */,
				491DDC27247D57E600748032 /* Info.plist */,
			);
			path = commonmodule;
			sourceTree = "<group>";
		};
		5ECD129A27908E28008FBD49 /* res */ = {
			isa = PBXGroup;
			children = (
				5ECD129B27908E33008FBD49 /* config */,
			);
			path = res;
			sourceTree = "<group>";
		};
		5ECD129B27908E33008FBD49 /* config */ = {
			isa = PBXGroup;
			children = (
				5ECD129827908C25008FBD49 /* config_keys.plist */,
			);
			path = config;
			sourceTree = "<group>";
		};
		667D209CE1C07D3ED124ADA6 /* Pods */ = {
			isa = PBXGroup;
			children = (
				37D260983DB06EE7F33D49A7 /* Pods-commonmodule.debug.xcconfig */,
				97DE99D47D00F8C6E7790FB9 /* Pods-commonmodule.release.xcconfig */,
			);
			path = Pods;
			sourceTree = "<group>";
		};
		76CC459027A04CD300EA163B /* analytics */ = {
			isa = PBXGroup;
			children = (
				76CC459227A04CF900EA163B /* AnalyticsWrapperIOS.swift */,
			);
			path = analytics;
			sourceTree = "<group>";
		};
		76CC459127A04CDA00EA163B /* crashlytics */ = {
			isa = PBXGroup;
			children = (
				76CC459427A04D0600EA163B /* CrashlyticsWrapperIOS.swift */,
			);
			path = crashlytics;
			sourceTree = "<group>";
		};
/* End PBXGroup section */

/* Begin PBXNativeTarget section */
		491DDC15247D57E300748032 /* commonmodule */ = {
			isa = PBXNativeTarget;
			buildConfigurationList = 491DDC2A247D57E600748032 /* Build configuration list for PBXNativeTarget "commonmodule" */;
			buildPhases = (
				90B299E457306B0C600FE12C /* [CP] Check Pods Manifest.lock */,
				76E01BD727A1A49F001C985C /* Build kotlin common module */,
				491DDC12247D57E300748032 /* Sources */,
				491DDC13247D57E300748032 /* Frameworks */,
				491DDC14247D57E300748032 /* Resources */,
				7B8CBE3026945C2300B97F79 /* ShellScript */,
				FFDCD44181DCDB63BCF8378B /* [CP] Embed Pods Frameworks */,
			);
			buildRules = (
			);
			dependencies = (
			);
			name = commonmodule;
			productName = commonmodule;
			productReference = 491DDC16247D57E300748032 /* commonmodule.app */;
			productType = "com.apple.product-type.application";
		};
/* End PBXNativeTarget section */

/* Begin PBXProject section */
		491DDC0E247D57E300748032 /* Project object */ = {
			isa = PBXProject;
			attributes = {
				LastSwiftUpdateCheck = 1140;
				LastUpgradeCheck = 1140;
				ORGANIZATIONNAME = "Sergio Casero Hernández";
				TargetAttributes = {
					491DDC15247D57E300748032 = {
						CreatedOnToolsVersion = 11.4;
					};
				};
			};
			buildConfigurationList = 491DDC11247D57E300748032 /* Build configuration list for PBXProject "commonmodule" */;
			compatibilityVersion = "Xcode 9.3";
			developmentRegion = en;
			hasScannedForEncodings = 0;
			knownRegions = (
				en,
				Base,
			);
			mainGroup = 491DDC0D247D57E300748032;
			productRefGroup = 491DDC17247D57E300748032 /* Products */;
			projectDirPath = "";
			projectRoot = "";
			targets = (
				491DDC15247D57E300748032 /* commonmodule */,
			);
		};
/* End PBXProject section */

/* Begin PBXResourcesBuildPhase section */
		491DDC14247D57E300748032 /* Resources */ = {
			isa = PBXResourcesBuildPhase;
			buildActionMask = 2147483647;
			files = (
				5ECD129927908C25008FBD49 /* config_keys.plist in Resources */,
				491DDC26247D57E600748032 /* LaunchScreen.storyboard in Resources */,
				7B2BBF2525F62BBD00933316 /* GoogleService-Info.plist in Resources */,
				491DDC23247D57E600748032 /* Assets.xcassets in Resources */,
				491DDC21247D57E300748032 /* Main.storyboard in Resources */,
			);
			runOnlyForDeploymentPostprocessing = 0;
		};
/* End PBXResourcesBuildPhase section */

/* Begin PBXShellScriptBuildPhase section */
		76E01BD727A1A49F001C985C /* Build kotlin common module */ = {
			isa = PBXShellScriptBuildPhase;
			buildActionMask = 2147483647;
			files = (
			);
			inputFileListPaths = (
			);
			inputPaths = (
			);
			name = "Build kotlin common module";
			outputFileListPaths = (
			);
			outputPaths = (
			);
			runOnlyForDeploymentPostprocessing = 0;
			shellPath = /bin/sh;
			shellScript = "cd \"$SRCROOT/..\"\n./gradlew :common:embedAndSignAppleFrameworkForXcode\n";
		};
		7B8CBE3026945C2300B97F79 /* ShellScript */ = {
			isa = PBXShellScriptBuildPhase;
			buildActionMask = 2147483647;
			files = (
			);
			inputFileListPaths = (
			);
			inputPaths = (
				"${DWARF_DSYM_FOLDER_PATH}/${DWARF_DSYM_FILE_NAME}/Contents/Resources/DWARF/${TARGET_NAME}",
				"$(SRCROOT)/$(BUILT_PRODUCTS_DIR)/$(INFOPLIST_PATH)",
			);
			outputFileListPaths = (
			);
			outputPaths = (
			);
			runOnlyForDeploymentPostprocessing = 0;
			shellPath = /bin/sh;
			shellScript = "# Type a script or drag a script file from your workspace to insert its path.\n\"${PODS_ROOT}/FirebaseCrashlytics/run\"\n";
		};
		90B299E457306B0C600FE12C /* [CP] Check Pods Manifest.lock */ = {
			isa = PBXShellScriptBuildPhase;
			buildActionMask = 2147483647;
			files = (
			);
			inputFileListPaths = (
			);
			inputPaths = (
				"${PODS_PODFILE_DIR_PATH}/Podfile.lock",
				"${PODS_ROOT}/Manifest.lock",
			);
			name = "[CP] Check Pods Manifest.lock";
			outputFileListPaths = (
			);
			outputPaths = (
				"$(DERIVED_FILE_DIR)/Pods-commonmodule-checkManifestLockResult.txt",
			);
			runOnlyForDeploymentPostprocessing = 0;
			shellPath = /bin/sh;
			shellScript = "diff \"${PODS_PODFILE_DIR_PATH}/Podfile.lock\" \"${PODS_ROOT}/Manifest.lock\" > /dev/null\nif [ $? != 0 ] ; then\n    # print error to STDERR\n    echo \"error: The sandbox is not in sync with the Podfile.lock. Run 'pod install' or update your CocoaPods installation.\" >&2\n    exit 1\nfi\n# This output is used by Xcode 'outputs' to avoid re-running this script phase.\necho \"SUCCESS\" > \"${SCRIPT_OUTPUT_FILE_0}\"\n";
			showEnvVarsInLog = 0;
		};
		FFDCD44181DCDB63BCF8378B /* [CP] Embed Pods Frameworks */ = {
			isa = PBXShellScriptBuildPhase;
			buildActionMask = 2147483647;
			files = (
			);
			inputFileListPaths = (
				"${PODS_ROOT}/Target Support Files/Pods-commonmodule/Pods-commonmodule-frameworks-${CONFIGURATION}-input-files.xcfilelist",
			);
			name = "[CP] Embed Pods Frameworks";
			outputFileListPaths = (
				"${PODS_ROOT}/Target Support Files/Pods-commonmodule/Pods-commonmodule-frameworks-${CONFIGURATION}-output-files.xcfilelist",
			);
			runOnlyForDeploymentPostprocessing = 0;
			shellPath = /bin/sh;
			shellScript = "\"${PODS_ROOT}/Target Support Files/Pods-commonmodule/Pods-commonmodule-frameworks.sh\"\n";
			showEnvVarsInLog = 0;
		};
/* End PBXShellScriptBuildPhase section */

/* Begin PBXSourcesBuildPhase section */
		491DDC12247D57E300748032 /* Sources */ = {
			isa = PBXSourcesBuildPhase;
			buildActionMask = 2147483647;
			files = (
				76CC459327A04CF900EA163B /* AnalyticsWrapperIOS.swift in Sources */,
				2F3D885228E6ECC40006D367 /* PlatformUtilIOS.swift in Sources */,
				76CC459527A04D0600EA163B /* CrashlyticsWrapperIOS.swift in Sources */,
				491DDC1E247D57E300748032 /* ViewController.swift in Sources */,
				2FB60E8629817AB0002F6B6A /* PerformanceWrapperIOS.swift in Sources */,
				491DDC1A247D57E300748032 /* AppDelegate.swift in Sources */,
				2FB60E8729817AB0002F6B6A /* PerformanceMetricIOS.swift in Sources */,
				491DDC1C247D57E300748032 /* SceneDelegate.swift in Sources */,
			);
			runOnlyForDeploymentPostprocessing = 0;
		};
/* End PBXSourcesBuildPhase section */

/* Begin PBXVariantGroup section */
		491DDC1F247D57E300748032 /* Main.storyboard */ = {
			isa = PBXVariantGroup;
			children = (
				491DDC20247D57E300748032 /* Base */,
			);
			name = Main.storyboard;
			sourceTree = "<group>";
		};
		491DDC24247D57E600748032 /* LaunchScreen.storyboard */ = {
			isa = PBXVariantGroup;
			children = (
				491DDC25247D57E600748032 /* Base */,
			);
			name = LaunchScreen.storyboard;
			sourceTree = "<group>";
		};
/* End PBXVariantGroup section */

/* Begin XCBuildConfiguration section */
		491DDC28247D57E600748032 /* Debug */ = {
			isa = XCBuildConfiguration;
			buildSettings = {
				ALWAYS_SEARCH_USER_PATHS = NO;
				CLANG_ANALYZER_NONNULL = YES;
				CLANG_ANALYZER_NUMBER_OBJECT_CONVERSION = YES_AGGRESSIVE;
				CLANG_CXX_LANGUAGE_STANDARD = "gnu++14";
				CLANG_CXX_LIBRARY = "libc++";
				CLANG_ENABLE_MODULES = YES;
				CLANG_ENABLE_OBJC_ARC = YES;
				CLANG_ENABLE_OBJC_WEAK = YES;
				CLANG_WARN_BLOCK_CAPTURE_AUTORELEASING = YES;
				CLANG_WARN_BOOL_CONVERSION = YES;
				CLANG_WARN_COMMA = YES;
				CLANG_WARN_CONSTANT_CONVERSION = YES;
				CLANG_WARN_DEPRECATED_OBJC_IMPLEMENTATIONS = YES;
				CLANG_WARN_DIRECT_OBJC_ISA_USAGE = YES_ERROR;
				CLANG_WARN_DOCUMENTATION_COMMENTS = YES;
				CLANG_WARN_EMPTY_BODY = YES;
				CLANG_WARN_ENUM_CONVERSION = YES;
				CLANG_WARN_INFINITE_RECURSION = YES;
				CLANG_WARN_INT_CONVERSION = YES;
				CLANG_WARN_NON_LITERAL_NULL_CONVERSION = YES;
				CLANG_WARN_OBJC_IMPLICIT_RETAIN_SELF = YES;
				CLANG_WARN_OBJC_LITERAL_CONVERSION = YES;
				CLANG_WARN_OBJC_ROOT_CLASS = YES_ERROR;
				CLANG_WARN_RANGE_LOOP_ANALYSIS = YES;
				CLANG_WARN_STRICT_PROTOTYPES = YES;
				CLANG_WARN_SUSPICIOUS_MOVE = YES;
				CLANG_WARN_UNGUARDED_AVAILABILITY = YES_AGGRESSIVE;
				CLANG_WARN_UNREACHABLE_CODE = YES;
				CLANG_WARN__DUPLICATE_METHOD_MATCH = YES;
				COPY_PHASE_STRIP = NO;
				DEBUG_INFORMATION_FORMAT = dwarf;
				ENABLE_STRICT_OBJC_MSGSEND = YES;
				ENABLE_TESTABILITY = YES;
				GCC_C_LANGUAGE_STANDARD = gnu11;
				GCC_DYNAMIC_NO_PIC = NO;
				GCC_NO_COMMON_BLOCKS = YES;
				GCC_OPTIMIZATION_LEVEL = 0;
				GCC_PREPROCESSOR_DEFINITIONS = (
					"DEBUG=1",
					"$(inherited)",
				);
				GCC_WARN_64_TO_32_BIT_CONVERSION = YES;
				GCC_WARN_ABOUT_RETURN_TYPE = YES_ERROR;
				GCC_WARN_UNDECLARED_SELECTOR = YES;
				GCC_WARN_UNINITIALIZED_AUTOS = YES_AGGRESSIVE;
				GCC_WARN_UNUSED_FUNCTION = YES;
				GCC_WARN_UNUSED_VARIABLE = YES;
				IPHONEOS_DEPLOYMENT_TARGET = 13.4;
				MTL_ENABLE_DEBUG_INFO = INCLUDE_SOURCE;
				MTL_FAST_MATH = YES;
				ONLY_ACTIVE_ARCH = YES;
				SDKROOT = iphoneos;
				SWIFT_ACTIVE_COMPILATION_CONDITIONS = DEBUG;
				SWIFT_OPTIMIZATION_LEVEL = "-Onone";
			};
			name = Debug;
		};
		491DDC29247D57E600748032 /* Release */ = {
			isa = XCBuildConfiguration;
			buildSettings = {
				ALWAYS_SEARCH_USER_PATHS = NO;
				CLANG_ANALYZER_NONNULL = YES;
				CLANG_ANALYZER_NUMBER_OBJECT_CONVERSION = YES_AGGRESSIVE;
				CLANG_CXX_LANGUAGE_STANDARD = "gnu++14";
				CLANG_CXX_LIBRARY = "libc++";
				CLANG_ENABLE_MODULES = YES;
				CLANG_ENABLE_OBJC_ARC = YES;
				CLANG_ENABLE_OBJC_WEAK = YES;
				CLANG_WARN_BLOCK_CAPTURE_AUTORELEASING = YES;
				CLANG_WARN_BOOL_CONVERSION = YES;
				CLANG_WARN_COMMA = YES;
				CLANG_WARN_CONSTANT_CONVERSION = YES;
				CLANG_WARN_DEPRECATED_OBJC_IMPLEMENTATIONS = YES;
				CLANG_WARN_DIRECT_OBJC_ISA_USAGE = YES_ERROR;
				CLANG_WARN_DOCUMENTATION_COMMENTS = YES;
				CLANG_WARN_EMPTY_BODY = YES;
				CLANG_WARN_ENUM_CONVERSION = YES;
				CLANG_WARN_INFINITE_RECURSION = YES;
				CLANG_WARN_INT_CONVERSION = YES;
				CLANG_WARN_NON_LITERAL_NULL_CONVERSION = YES;
				CLANG_WARN_OBJC_IMPLICIT_RETAIN_SELF = YES;
				CLANG_WARN_OBJC_LITERAL_CONVERSION = YES;
				CLANG_WARN_OBJC_ROOT_CLASS = YES_ERROR;
				CLANG_WARN_RANGE_LOOP_ANALYSIS = YES;
				CLANG_WARN_STRICT_PROTOTYPES = YES;
				CLANG_WARN_SUSPICIOUS_MOVE = YES;
				CLANG_WARN_UNGUARDED_AVAILABILITY = YES_AGGRESSIVE;
				CLANG_WARN_UNREACHABLE_CODE = YES;
				CLANG_WARN__DUPLICATE_METHOD_MATCH = YES;
				COPY_PHASE_STRIP = NO;
				DEBUG_INFORMATION_FORMAT = "dwarf-with-dsym";
				ENABLE_NS_ASSERTIONS = NO;
				ENABLE_STRICT_OBJC_MSGSEND = YES;
				GCC_C_LANGUAGE_STANDARD = gnu11;
				GCC_NO_COMMON_BLOCKS = YES;
				GCC_WARN_64_TO_32_BIT_CONVERSION = YES;
				GCC_WARN_ABOUT_RETURN_TYPE = YES_ERROR;
				GCC_WARN_UNDECLARED_SELECTOR = YES;
				GCC_WARN_UNINITIALIZED_AUTOS = YES_AGGRESSIVE;
				GCC_WARN_UNUSED_FUNCTION = YES;
				GCC_WARN_UNUSED_VARIABLE = YES;
				IPHONEOS_DEPLOYMENT_TARGET = 13.4;
				MTL_ENABLE_DEBUG_INFO = NO;
				MTL_FAST_MATH = YES;
				SDKROOT = iphoneos;
				SWIFT_COMPILATION_MODE = wholemodule;
				SWIFT_OPTIMIZATION_LEVEL = "-O";
				VALIDATE_PRODUCT = YES;
			};
			name = Release;
		};
		491DDC2B247D57E600748032 /* Debug */ = {
			isa = XCBuildConfiguration;
			baseConfigurationReference = 37D260983DB06EE7F33D49A7 /* Pods-commonmodule.debug.xcconfig */;
			buildSettings = {
				ASSETCATALOG_COMPILER_APPICON_NAME = AppIcon;
				CODE_SIGN_IDENTITY = "Apple Development";
				CODE_SIGN_STYLE = Automatic;
				CURRENT_PROJECT_VERSION = 2021050000;
				DEBUG_INFORMATION_FORMAT = "dwarf-with-dsym";
				DEVELOPMENT_TEAM = 58NG96TYLK;
				FRAMEWORK_SEARCH_PATHS = (
					"$(inherited)",
					"\"${PODS_CONFIGURATION_BUILD_DIR}/FirebaseCore\"",
					"\"${PODS_CONFIGURATION_BUILD_DIR}/FirebaseCrashlytics\"",
					"\"${PODS_CONFIGURATION_BUILD_DIR}/FirebaseInstallations\"",
					"\"${PODS_CONFIGURATION_BUILD_DIR}/GoogleDataTransport\"",
					"\"${PODS_CONFIGURATION_BUILD_DIR}/GoogleUtilities\"",
					"\"${PODS_CONFIGURATION_BUILD_DIR}/PromisesObjC\"",
					"\"${PODS_CONFIGURATION_BUILD_DIR}/nanopb\"",
					"\"${PODS_ROOT}/FirebaseAnalytics/Frameworks\"",
					"\"${PODS_ROOT}/GoogleAppMeasurement/Frameworks\"",
					"\"${PODS_XCFRAMEWORKS_BUILD_DIR}/FirebaseAnalytics/AdIdSupport\"",
					"\"${PODS_XCFRAMEWORKS_BUILD_DIR}/GoogleAppMeasurement/AdIdSupport\"",
					"\"${PODS_XCFRAMEWORKS_BUILD_DIR}/GoogleAppMeasurement/WithoutAdIdSupport\"",
					"$(SRCROOT)/../common/build/xcode-frameworks/$(CONFIGURATION)/$(SDK_NAME)",
				);
				INFOPLIST_FILE = commonmodule/Info.plist;
				LD_RUNPATH_SEARCH_PATHS = (
					"$(inherited)",
					"@executable_path/Frameworks",
				);
				MARKETING_VERSION = 1.0.1;
				OTHER_LDFLAGS = (
					"$(inherited)",
					"-ObjC",
					"-l\"c++\"",
					"-l\"sqlite3\"",
					"-l\"z\"",
					"-framework",
					"\"CoreTelephony\"",
					"-framework",
					"\"FBLPromises\"",
					"-framework",
					"\"FirebaseAnalytics\"",
					"-framework",
					"\"FirebaseCore\"",
					"-framework",
					"\"FirebaseCrashlytics\"",
					"-framework",
					"\"FirebaseInstallations\"",
					"-framework",
					"\"Foundation\"",
					"-framework",
					"\"GoogleAppMeasurement\"",
					"-framework",
					"\"GoogleAppMeasurementIdentitySupport\"",
					"-framework",
					"\"GoogleDataTransport\"",
					"-framework",
					"\"GoogleUtilities\"",
					"-framework",
					"\"Security\"",
					"-framework",
					"\"StoreKit\"",
					"-framework",
					"\"SystemConfiguration\"",
					"-framework",
					"\"UIKit\"",
					"-framework",
					"\"nanopb\"",
					"-framework",
					OSAMCommon,
				);
				PRODUCT_BUNDLE_IDENTIFIER = cat.bcn.commonmodule;
				PRODUCT_NAME = "$(TARGET_NAME)";
				PROVISIONING_PROFILE_SPECIFIER = "";
				SWIFT_VERSION = 5.0;
				TARGETED_DEVICE_FAMILY = "1,2";
			};
			name = Debug;
		};
		491DDC2C247D57E600748032 /* Release */ = {
			isa = XCBuildConfiguration;
			baseConfigurationReference = 97DE99D47D00F8C6E7790FB9 /* Pods-commonmodule.release.xcconfig */;
			buildSettings = {
				ASSETCATALOG_COMPILER_APPICON_NAME = AppIcon;
				CODE_SIGN_IDENTITY = "Apple Development";
				CODE_SIGN_STYLE = Automatic;
				CURRENT_PROJECT_VERSION = 2021050000;
				DEBUG_INFORMATION_FORMAT = "dwarf-with-dsym";
				DEVELOPMENT_TEAM = 58NG96TYLK;
				FRAMEWORK_SEARCH_PATHS = (
					"$(inherited)",
					"\"${PODS_CONFIGURATION_BUILD_DIR}/FirebaseCore\"",
					"\"${PODS_CONFIGURATION_BUILD_DIR}/FirebaseCrashlytics\"",
					"\"${PODS_CONFIGURATION_BUILD_DIR}/FirebaseInstallations\"",
					"\"${PODS_CONFIGURATION_BUILD_DIR}/GoogleDataTransport\"",
					"\"${PODS_CONFIGURATION_BUILD_DIR}/GoogleUtilities\"",
					"\"${PODS_CONFIGURATION_BUILD_DIR}/PromisesObjC\"",
					"\"${PODS_CONFIGURATION_BUILD_DIR}/nanopb\"",
					"\"${PODS_ROOT}/FirebaseAnalytics/Frameworks\"",
					"\"${PODS_ROOT}/GoogleAppMeasurement/Frameworks\"",
					"\"${PODS_XCFRAMEWORKS_BUILD_DIR}/FirebaseAnalytics/AdIdSupport\"",
					"\"${PODS_XCFRAMEWORKS_BUILD_DIR}/GoogleAppMeasurement/AdIdSupport\"",
					"\"${PODS_XCFRAMEWORKS_BUILD_DIR}/GoogleAppMeasurement/WithoutAdIdSupport\"",
					"$(SRCROOT)/../common/build/xcode-frameworks/$(CONFIGURATION)/$(SDK_NAME)",
				);
				INFOPLIST_FILE = commonmodule/Info.plist;
				LD_RUNPATH_SEARCH_PATHS = (
					"$(inherited)",
					"@executable_path/Frameworks",
				);
				MARKETING_VERSION = 1.0.1;
				OTHER_LDFLAGS = (
					"$(inherited)",
					"-ObjC",
					"-l\"c++\"",
					"-l\"sqlite3\"",
					"-l\"z\"",
					"-framework",
					"\"CoreTelephony\"",
					"-framework",
					"\"FBLPromises\"",
					"-framework",
					"\"FirebaseAnalytics\"",
					"-framework",
					"\"FirebaseCore\"",
					"-framework",
					"\"FirebaseCrashlytics\"",
					"-framework",
					"\"FirebaseInstallations\"",
					"-framework",
					"\"Foundation\"",
					"-framework",
					"\"GoogleAppMeasurement\"",
					"-framework",
					"\"GoogleAppMeasurementIdentitySupport\"",
					"-framework",
					"\"GoogleDataTransport\"",
					"-framework",
					"\"GoogleUtilities\"",
					"-framework",
					"\"Security\"",
					"-framework",
					"\"StoreKit\"",
					"-framework",
					"\"SystemConfiguration\"",
					"-framework",
					"\"UIKit\"",
					"-framework",
					"\"nanopb\"",
					"-framework",
					OSAMCommon,
				);
				PRODUCT_BUNDLE_IDENTIFIER = cat.bcn.commonmodule;
				PRODUCT_NAME = "$(TARGET_NAME)";
				PROVISIONING_PROFILE_SPECIFIER = "";
				SWIFT_VERSION = 5.0;
				TARGETED_DEVICE_FAMILY = "1,2";
			};
			name = Release;
		};
/* End XCBuildConfiguration section */

/* Begin XCConfigurationList section */
		491DDC11247D57E300748032 /* Build configuration list for PBXProject "commonmodule" */ = {
			isa = XCConfigurationList;
			buildConfigurations = (
				491DDC28247D57E600748032 /* Debug */,
				491DDC29247D57E600748032 /* Release */,
			);
			defaultConfigurationIsVisible = 0;
			defaultConfigurationName = Release;
		};
		491DDC2A247D57E600748032 /* Build configuration list for PBXNativeTarget "commonmodule" */ = {
			isa = XCConfigurationList;
			buildConfigurations = (
				491DDC2B247D57E600748032 /* Debug */,
				491DDC2C247D57E600748032 /* Release */,
			);
			defaultConfigurationIsVisible = 0;
			defaultConfigurationName = Release;
		};
/* End XCConfigurationList section */
	};
	rootObject = 491DDC0E247D57E300748032 /* Project object */;
}
